
Microsoft Visual Studio Solution File, Format Version 12.00
# Visual Studio Version 17
VisualStudioVersion = 17.0.32126.317
MinimumVisualStudioVersion = 10.0.40219.1
Project("{9A19103F-16F7-4668-BE54-9A1E7A4F7556}") = "Atividade08_JogoDaForcaConsoleApp", "Atividade08_JogoDaForcaConsoleApp\Atividade08_JogoDaForcaConsoleApp.csproj", "{239A2A23-12D8-48FE-8459-DD272F991C9D}"
EndProject
Project("{2150E333-8FDC-42A3-9474-1A3956D46DE8}") = "Solution Items", "Solution Items", "{4D42B61E-9ADF-417A-A0B0-F017BB3AB296}"
	ProjectSection(SolutionItems) = preProject
		.editorconfig = .editorconfig
	EndProjectSection
EndProject
Global
	GlobalSection(SolutionConfigurationPlatforms) = preSolution
		Debug|Any CPU = Debug|Any CPU
		Release|Any CPU = Release|Any CPU
	EndGlobalSection
	GlobalSection(ProjectConfigurationPlatforms) = postSolution
		{239A2A23-12D8-48FE-8459-DD272F991C9D}.Debug|Any CPU.ActiveCfg = Debug|Any CPU
		{239A2A23-12D8-48FE-8459-DD272F991C9D}.Debug|Any CPU.Build.0 = Debug|Any CPU
		{239A2A23-12D8-48FE-8459-DD272F991C9D}.Release|Any CPU.ActiveCfg = Release|Any CPU
		{239A2A23-12D8-48FE-8459-DD272F991C9D}.Release|Any CPU.Build.0 = Release|Any CPU
	EndGlobalSection
	GlobalSection(SolutionProperties) = preSolution
		HideSolutionNode = FALSE
	EndGlobalSection
	GlobalSection(ExtensibilityGlobals) = postSolution
		SolutionGuid = {37806764-D88C-425B-A4F2-C3245AD32413}
	EndGlobalSection
EndGlobal
